<Project xmlns="http://schemas.microsoft.com/developer/msbuild/2003">
    <PropertyGroup>
        <ProjectGuid>{91BD749E-7EC0-427E-85FD-0450DDA09FFE}</ProjectGuid>
        <ProjectVersion>19.5</ProjectVersion>
        <FrameworkType>VCL</FrameworkType>
        <MainSource>MasterPDV.dpr</MainSource>
        <Base>True</Base>
        <Config Condition="'$(Config)'==''">Debug</Config>
        <Platform Condition="'$(Platform)'==''">Win32</Platform>
        <TargetedPlatforms>3</TargetedPlatforms>
        <AppType>Application</AppType>
    </PropertyGroup>
    <PropertyGroup Condition="'$(Config)'=='Base' or '$(Base)'!=''">
        <Base>true</Base>
    </PropertyGroup>
    <PropertyGroup Condition="('$(Platform)'=='Win32' and '$(Base)'=='true') or '$(Base_Win32)'!=''">
        <Base_Win32>true</Base_Win32>
        <CfgParent>Base</CfgParent>
        <Base>true</Base>
    </PropertyGroup>
    <PropertyGroup Condition="('$(Platform)'=='Win64' and '$(Base)'=='true') or '$(Base_Win64)'!=''">
        <Base_Win64>true</Base_Win64>
        <CfgParent>Base</CfgParent>
        <Base>true</Base>
    </PropertyGroup>
    <PropertyGroup Condition="'$(Config)'=='Debug' or '$(Cfg_1)'!=''">
        <Cfg_1>true</Cfg_1>
        <CfgParent>Base</CfgParent>
        <Base>true</Base>
    </PropertyGroup>
    <PropertyGroup Condition="('$(Platform)'=='Win32' and '$(Cfg_1)'=='true') or '$(Cfg_1_Win32)'!=''">
        <Cfg_1_Win32>true</Cfg_1_Win32>
        <CfgParent>Cfg_1</CfgParent>
        <Cfg_1>true</Cfg_1>
        <Base>true</Base>
    </PropertyGroup>
    <PropertyGroup Condition="('$(Platform)'=='Win64' and '$(Cfg_1)'=='true') or '$(Cfg_1_Win64)'!=''">
        <Cfg_1_Win64>true</Cfg_1_Win64>
        <CfgParent>Cfg_1</CfgParent>
        <Cfg_1>true</Cfg_1>
        <Base>true</Base>
    </PropertyGroup>
    <PropertyGroup Condition="'$(Config)'=='Release' or '$(Cfg_2)'!=''">
        <Cfg_2>true</Cfg_2>
        <CfgParent>Base</CfgParent>
        <Base>true</Base>
    </PropertyGroup>
    <PropertyGroup Condition="('$(Platform)'=='Win32' and '$(Cfg_2)'=='true') or '$(Cfg_2_Win32)'!=''">
        <Cfg_2_Win32>true</Cfg_2_Win32>
        <CfgParent>Cfg_2</CfgParent>
        <Cfg_2>true</Cfg_2>
        <Base>true</Base>
    </PropertyGroup>
    <PropertyGroup Condition="('$(Platform)'=='Win64' and '$(Cfg_2)'=='true') or '$(Cfg_2_Win64)'!=''">
        <Cfg_2_Win64>true</Cfg_2_Win64>
        <CfgParent>Cfg_2</CfgParent>
        <Cfg_2>true</Cfg_2>
        <Base>true</Base>
    </PropertyGroup>
    <PropertyGroup Condition="'$(Base)'!=''">
        <Icon_MainIcon>$(BDS)\bin\delphi_PROJECTICON.ico</Icon_MainIcon>
        <SanitizedProjectName>MasterPDV</SanitizedProjectName>
        <DCC_Namespace>System;Xml;Data;Datasnap;Web;Soap;Vcl;Vcl.Imaging;Vcl.Touch;Vcl.Samples;Vcl.Shell;$(DCC_Namespace)</DCC_Namespace>
        <DCC_DcuOutput>..\output\units\$(Platform)\$(Config)</DCC_DcuOutput>
        <DCC_ExeOutput>..\output\bin\$(Platform)\$(Config)</DCC_ExeOutput>
        <DCC_E>false</DCC_E>
        <DCC_N>false</DCC_N>
        <DCC_S>false</DCC_S>
        <DCC_F>false</DCC_F>
        <DCC_K>false</DCC_K>
        <VerInfo_Locale>1046</VerInfo_Locale>
        <VerInfo_Keys>CompanyName=Leal Softwares;FileDescription=PDV do Sistema Integrado de Automação Comercial;FileVersion=2019.0.0.197;InternalName=MasterPDV;LegalCopyright=;LegalTrademarks=;OriginalFilename=MasterPDV.exe;ProductName=PDV do Sistema Integrado de Automação Comercial;ProductVersion=2016.0.0.0;Comments=;ProgramID=com.embarcadero.$(MSBuildProjectName)</VerInfo_Keys>
    </PropertyGroup>
    <PropertyGroup Condition="'$(Base_Win32)'!=''">
        <VerInfo_Keys>CompanyName=;FileVersion=1.0.0.0;InternalName=;LegalCopyright=;LegalTrademarks=;OriginalFilename=;ProductVersion=1.0.0.0;Comments=;ProgramID=com.embarcadero.$(MSBuildProjectName);FileDescription=$(MSBuildProjectName);ProductName=$(MSBuildProjectName)</VerInfo_Keys>
        <VerInfo_Locale>1033</VerInfo_Locale>
        <DCC_UsePackage>DBXSqliteDriver;DBXDb2Driver;dxCoreRS23;vclactnband;dxPSdxLCLnkRS23;vclFireDAC;dxPSLnksRS23;frxe23;tethering;cxDataRS23;dxPSdxOCLnkRS23;dxTabbedMDIRS23;FireDACADSDriver;dxSkinLondonLiquidSkyRS23;dxSkinBlackRS23;fsTee23;JvPluginSystem;dxDBXServerModeRS23;dxHttpIndyRequestRS23;dxPScxGridLnkRS23;cxSchedulerRS23;FireDACMSSQLDriver;vcltouch;ACBr_NFe;ACBr_NFeDanfeFR;vcldb;JvBands;svn;dxWizardControlRS23;dxSkinMcSkinRS23;dxPScxCommonRS23;frxcs23;ACBr_NFeDanfeESCPOS;dxSkinOffice2007BlueRS23;JvJans;Intraweb;dxBarRS23;cxSchedulerRibbonStyleEventEditorRS23;dxSkinOffice2013WhiteRS23;JvDotNetCtrls;crcontrols230;dxPSTeeChartRS23;cxLibraryRS23;dxSkinVisualStudio2013LightRS23;vclib;cxPivotGridChartRS23;DelPrintDX10;dxSkinSummer2008RS23;dxPSdxDBOCLnkRS23;dxGDIPlusRS23;fsDB23;dxSkinDarkSideRS23;FireDACDBXDriver;dxSkinSevenRS23;dxSkinFoggyRS23;ACBr_NFSeDanfseFR;vclx;dxSkinOffice2010SilverRS23;dxdborRS23;RESTBackendComponents;dxLayoutControlRS23;dxPSPrVwRibbonRS23;VCLRESTComponents;dxSkinDevExpressStyleRS23;G115FR230;dxSkinWhiteprintRS23;vclie;bindengine;CloudService;ACBr_PAF;FireDACMySQLDriver;JvHMI;ACBr_SATECFVirtual;dxSkinOffice2013DarkGrayRS23;BotoesR10Seattle;DataSnapClient;dxPScxPCProdRS23;fsADO23;bindcompdbx;ACBr_TCP;DBXSybaseASEDriver;IndyIPServer;dxSkinPumpkinRS23;ACBr_CTe;IndySystem;QExport4RT_D23;dsnapcon;cxTreeListdxBarPopupMenuRS23;ACBr_synapse;FireDACMSAccDriver;fmxFireDAC;FireDACInfxDriver;vclimg;dxSkinLilianRS23;ACBr_SPEDImportar;Jcl;tmsexdXE9;ACBr_SPED;ACBr_MDFe;frxADO23;dxBarDBNavRS23;dxFlowChartRS23;dxSkinOffice2016ColorfulRS23;ACBr_LFD;DBXOdbcDriver;FireDACTDataDriver;FMXTee;fs23;soaprtl;DbxCommonDriver;unidac230;dxSpreadSheetRS23;JvManagedThreads;dxSkinOffice2007PinkRS23;dxPSdxSpreadSheetLnkRS23;xmlrtl;soapmidas;DataSnapNativeClient;fmxobj;dxSkinTheAsphaltWorldRS23;dxSkinSevenClassicRS23;rtl;dxSkinHighContrastRS23;DbxClientDriver;dxSkinDevExpressDarkStyleRS23;DBXSybaseASADriver;dxNavBarRS23;dxSkinMetropolisDarkRS23;JvTimeFramework;JvSystem;dxRichEditControlRS23;JvStdCtrls;ACBr_Convenio115;appanalytics;cxPivotGridRS23;dxSkinsdxDLPainterRS23;IndyIPClient;dxRibbonRS23;dxPScxVGridLnkRS23;bindcompvcl;dxPScxTLLnkRS23;dxSkinOffice2007SilverRS23;frxDB23;dxMapControlRS23;TeeUI;JvDocking;JvPascalInterpreter;VclSmp;dxPScxSchedulerLnkRS23;cxTreeListRS23;FireDACODBCDriver;JclVcl;DataSnapIndy10ServerTransport;dxPSRichEditControlLnkRS23;dxRibbonCustomizationFormRS23;ACBr_Boleto;dxBarExtDBItemsRS23;DataSnapProviderClient;ACBr_SEF2;FireDACMongoDBDriver;dxSkiniMaginaryRS23;dxSpellCheckerRS23;frx23;JvControls;dxSkinsdxBarPainterRS23;ACBr_NFSe;ACBr_MDFeDamdfeFR;JvPrintPreview;dxSkinCoffeeRS23;DataSnapServerMidas;RESTComponents;DBXInterBaseDriver;ACBr_TEFD;dxADOServerModeRS23;emsclientfiredac;DataSnapFireDAC;svnui;dxSkinLiquidSkyRS23;dxmdsRS23;dxdbtrRS23;dxSkinSpringTimeRS23;dxPSDBTeeChartRS23;JvGlobus;dxPSCoreRS23;dxSkinscxPCPainterRS23;DBXMSSQLDriver;JvMM;dxSkinXmas2008BlueRS23;DatasnapConnectorsFreePascal;PngComponentsD;bindcompfmx;JvNet;DBXOracleDriver;dxSkinSilverRS23;dxSkinValentineRS23;inetdb;JvAppFrm;dac230;ACBr_Diversos;ACBr_TXTComum;ACBr_GNREGuiaFR;FmxTeeUI;dxBarExtItemsRS23;FireDACIBDriver;fmx;fmxdae;dxServerModeRS23;frxDBX23;ACBr_CTeDacteFR;dxPsPrVwAdvRS23;dxSkinOffice2010BlackRS23;JvWizards;cxPageControlRS23;dxSkinStardustRS23;cxSchedulerGridRS23;dbexpress;IndyCore;dxSkinSharpPlusRS23;JvPageComps;dsnap;DataSnapCommon;emsclient;FireDACCommon;dxSkinOffice2010BlueRS23;bdertl;ACBr_PCNComum;JvDB;dxSkinVS2010RS23;dxSkinMetropolisRS23;DataSnapConnectors;cxVerticalGridRS23;ACBR_DeSTDA;soapserver;ACBr_SAT;dxSkinCaramelRS23;dxTileControlRS23;frxTee23;JclDeveloperTools;cxGridRS23;FireDACOracleDriver;DBXMySQLDriver;JvCmp;DBXFirebirdDriver;unidacfmx230;ACBr_Sintegra;FireDACCommonDriver;ACBr_GNRE;inet;IndyIPCommon;JvCustom;dxSkinDarkRoomRS23;dxDockingRS23;vcl;dxSkinOffice2007GreenRS23;tmsxlsdXE9;dxPScxExtCommonRS23;ACBr_SATExtratoESCPOS;JvXPCtrls;dxSkinsCoreRS23;FireDACDb2Driver;dxThemeRS23;dxSkinsdxRibbonPainterRS23;dxSkinVisualStudio2013BlueRS23;tmswizdXE9;dacfmx230;dxSkinMoneyTwinsRS23;bsfd10Seattle;dxPSdxFCLnkRS23;dxtrmdRS23;TeeDB;FireDAC;cxSchedulerTreeBrowserRS23;dacvcl230;JvCore;dxFireDACServerModeRS23;dxSkinBlueRS23;ACBr_Comum;JvCrypt;FireDACSqliteDriver;FireDACPgDriver;ibmonitor;FireDACASADriver;dxSkinGlassOceansRS23;cxEditorsRS23;JvDlgs;JvRuntimeDesign;dxSkinsdxNavBarPainterRS23;dxGaugeControlRS23;ibxpress;Tee;dxSkinSharpRS23;DataSnapServer;ibxbindings;cxPivotGridOLAPRS23;DCPcrypt;vclwinx;FireDACDSDriver;ACBr_OpenSSL;dxSkinBlueprintRS23;dxSkinOffice2007BlackRS23;CustomIPTransport;vcldsnap;ACBr_DFeComum;dxSkinOffice2013LightGrayRS23;bindcomp;ACBr_Serial;DBXInformixDriver;dxPSdxGaugeControlLnkRS23;fsIBX23;unidacvcl230;dxPScxPivotGridLnkRS23;dxorgcRS23;ACBr_BlocoX;dxPSdxDBTVLnkRS23;vclribbon;dbxcds;frxIBX23;ACBr_NFCeECFVirtual;adortl;ACBr_BoletoFR;G115_R230;dxComnRS23;dsnapxml;dbrtl;inetdbxpress;IndyProtocols;dxSkinOffice2016DarkRS23;cxExportRS23;JclContainers;dxSkinVisualStudio2013DarkRS23;dxSkinscxSchedulerPainterRS23;tmsdXE9;fmxase;$(DCC_UsePackage)</DCC_UsePackage>
        <VerInfo_IncludeVerInfo>true</VerInfo_IncludeVerInfo>
        <DCC_Namespace>Winapi;System.Win;Data.Win;Datasnap.Win;Web.Win;Soap.Win;Xml.Win;Bde;$(DCC_Namespace)</DCC_Namespace>
        <Manifest_File>$(BDS)\bin\default_app.manifest</Manifest_File>
        <UWP_DelphiLogo44>$(BDS)\bin\Artwork\Windows\UWP\delphi_UwpDefault_44.png</UWP_DelphiLogo44>
        <UWP_DelphiLogo150>$(BDS)\bin\Artwork\Windows\UWP\delphi_UwpDefault_150.png</UWP_DelphiLogo150>
    </PropertyGroup>
    <PropertyGroup Condition="'$(Base_Win64)'!=''">
        <VerInfo_Keys>CompanyName=;FileVersion=1.0.0.0;InternalName=;LegalCopyright=;LegalTrademarks=;OriginalFilename=;ProductVersion=1.0.0.0;Comments=;ProgramID=com.embarcadero.$(MSBuildProjectName);FileDescription=$(MSBuildProjectName);ProductName=$(MSBuildProjectName)</VerInfo_Keys>
        <VerInfo_Locale>1033</VerInfo_Locale>
        <DCC_UsePackage>DBXSqliteDriver;DBXDb2Driver;vclactnband;vclFireDAC;tethering;FireDACADSDriver;FireDACMSSQLDriver;vcltouch;vcldb;Intraweb;vclib;FireDACDBXDriver;vclx;RESTBackendComponents;VCLRESTComponents;G115FR230;vclie;bindengine;CloudService;FireDACMySQLDriver;DataSnapClient;bindcompdbx;DBXSybaseASEDriver;IndyIPServer;IndySystem;dsnapcon;FireDACMSAccDriver;fmxFireDAC;FireDACInfxDriver;vclimg;tmsexdXE9;DBXOdbcDriver;FireDACTDataDriver;FMXTee;soaprtl;DbxCommonDriver;xmlrtl;soapmidas;DataSnapNativeClient;fmxobj;rtl;DbxClientDriver;DBXSybaseASADriver;appanalytics;IndyIPClient;bindcompvcl;TeeUI;VclSmp;FireDACODBCDriver;DataSnapIndy10ServerTransport;DataSnapProviderClient;FireDACMongoDBDriver;DataSnapServerMidas;RESTComponents;DBXInterBaseDriver;emsclientfiredac;DataSnapFireDAC;DBXMSSQLDriver;DatasnapConnectorsFreePascal;PngComponentsD;bindcompfmx;DBXOracleDriver;inetdb;FmxTeeUI;FireDACIBDriver;fmx;fmxdae;dbexpress;IndyCore;dsnap;DataSnapCommon;emsclient;FireDACCommon;DataSnapConnectors;soapserver;FireDACOracleDriver;DBXMySQLDriver;DBXFirebirdDriver;FireDACCommonDriver;inet;IndyIPCommon;vcl;FireDACDb2Driver;TeeDB;FireDAC;FireDACSqliteDriver;FireDACPgDriver;ibmonitor;FireDACASADriver;ibxpress;Tee;DataSnapServer;ibxbindings;DCPcrypt;vclwinx;FireDACDSDriver;CustomIPTransport;vcldsnap;bindcomp;DBXInformixDriver;vclribbon;dbxcds;adortl;G115_R230;dsnapxml;dbrtl;inetdbxpress;IndyProtocols;tmsdXE9;fmxase;$(DCC_UsePackage)</DCC_UsePackage>
        <VerInfo_IncludeVerInfo>true</VerInfo_IncludeVerInfo>
        <DCC_Namespace>Winapi;System.Win;Data.Win;Datasnap.Win;Web.Win;Soap.Win;Xml.Win;$(DCC_Namespace)</DCC_Namespace>
        <Manifest_File>$(BDS)\bin\default_app.manifest</Manifest_File>
        <UWP_DelphiLogo44>$(BDS)\bin\Artwork\Windows\UWP\delphi_UwpDefault_44.png</UWP_DelphiLogo44>
        <UWP_DelphiLogo150>$(BDS)\bin\Artwork\Windows\UWP\delphi_UwpDefault_150.png</UWP_DelphiLogo150>
    </PropertyGroup>
    <PropertyGroup Condition="'$(Cfg_1)'!=''">
        <DCC_Define>DEBUG;$(DCC_Define)</DCC_Define>
        <DCC_DebugDCUs>true</DCC_DebugDCUs>
        <DCC_Optimize>false</DCC_Optimize>
        <DCC_GenerateStackFrames>true</DCC_GenerateStackFrames>
        <DCC_DebugInfoInExe>true</DCC_DebugInfoInExe>
        <DCC_RemoteDebug>true</DCC_RemoteDebug>
    </PropertyGroup>
    <PropertyGroup Condition="'$(Cfg_1_Win32)'!=''">
        <VerInfo_Build>254</VerInfo_Build>
        <VerInfo_AutoIncVersion>true</VerInfo_AutoIncVersion>
        <Icon_MainIcon>MasterPDV_Icon.ico</Icon_MainIcon>
        <VerInfo_MajorVer>2</VerInfo_MajorVer>
        <VerInfo_Keys>CompanyName=Leal Softwares;FileDescription=PDV do Sistema Integrado de Automação Comercial;FileVersion=2.0.0.254;InternalName=MasterPDV;LegalCopyright=;LegalTrademarks=;OriginalFilename=MasterPDV.exe;ProductName=PDV do Sistema Integrado de Automação Comercial;ProductVersion=2016.0.0.0;Comments=;ProgramID=com.embarcadero.$(MSBuildProjectName)</VerInfo_Keys>
        <AppEnableRuntimeThemes>true</AppEnableRuntimeThemes>
        <VerInfo_Locale>1033</VerInfo_Locale>
        <VerInfo_IncludeVerInfo>true</VerInfo_IncludeVerInfo>
        <DCC_RemoteDebug>false</DCC_RemoteDebug>
        <AppDPIAwarenessMode>PerMonitor</AppDPIAwarenessMode>
        <BT_BuildType>Debug</BT_BuildType>
    </PropertyGroup>
    <PropertyGroup Condition="'$(Cfg_1_Win64)'!=''">
        <AppEnableRuntimeThemes>true</AppEnableRuntimeThemes>
        <BT_BuildType>Debug</BT_BuildType>
        <AppDPIAwarenessMode>PerMonitor</AppDPIAwarenessMode>
        <VerInfo_IncludeVerInfo>true</VerInfo_IncludeVerInfo>
        <VerInfo_Locale>1033</VerInfo_Locale>
        <VerInfo_Keys>CompanyName=;FileVersion=1.0.0.0;InternalName=;LegalCopyright=;LegalTrademarks=;OriginalFilename=;ProductVersion=1.0.0.0;Comments=;ProgramID=com.embarcadero.$(MSBuildProjectName);FileDescription=$(MSBuildProjectName);ProductName=$(MSBuildProjectName)</VerInfo_Keys>
    </PropertyGroup>
    <PropertyGroup Condition="'$(Cfg_2)'!=''">
        <DCC_LocalDebugSymbols>false</DCC_LocalDebugSymbols>
        <DCC_Define>RELEASE;$(DCC_Define)</DCC_Define>
        <DCC_SymbolReferenceInfo>0</DCC_SymbolReferenceInfo>
        <DCC_DebugInformation>0</DCC_DebugInformation>
    </PropertyGroup>
    <PropertyGroup Condition="'$(Cfg_2_Win32)'!=''">
        <AppEnableRuntimeThemes>true</AppEnableRuntimeThemes>
        <AppDPIAwarenessMode>PerMonitor</AppDPIAwarenessMode>
        <VerInfo_IncludeVerInfo>true</VerInfo_IncludeVerInfo>
        <VerInfo_Locale>1033</VerInfo_Locale>
        <VerInfo_Keys>CompanyName=;FileVersion=1.0.0.0;InternalName=;LegalCopyright=;LegalTrademarks=;OriginalFilename=;ProductVersion=1.0.0.0;Comments=;ProgramID=com.embarcadero.$(MSBuildProjectName);FileDescription=$(MSBuildProjectName);ProductName=$(MSBuildProjectName)</VerInfo_Keys>
    </PropertyGroup>
    <PropertyGroup Condition="'$(Cfg_2_Win64)'!=''">
        <AppEnableRuntimeThemes>true</AppEnableRuntimeThemes>
        <AppDPIAwarenessMode>PerMonitor</AppDPIAwarenessMode>
        <VerInfo_IncludeVerInfo>true</VerInfo_IncludeVerInfo>
        <VerInfo_Locale>1033</VerInfo_Locale>
        <VerInfo_Keys>CompanyName=;FileVersion=1.0.0.0;InternalName=;LegalCopyright=;LegalTrademarks=;OriginalFilename=;ProductVersion=1.0.0.0;Comments=;ProgramID=com.embarcadero.$(MSBuildProjectName);FileDescription=$(MSBuildProjectName);ProductName=$(MSBuildProjectName)</VerInfo_Keys>
    </PropertyGroup>
    <ItemGroup>
        <DelphiCompile Include="$(MainSource)">
            <MainSource>MainSource</MainSource>
        </DelphiCompile>
        <DCCReference Include="..\..\..\..\Public\Library\VCL.Traducao.pas"/>
        <DCCReference Include="..\..\..\..\Public\Library\Vcl.LealSoftwares.Lib.Funcoes.pas"/>
        <DCCReference Include="..\..\..\..\Public\Model\Criptografia\Vcl.LealSoftwares.Model.Criptografia.Interfaces.pas"/>
        <DCCReference Include="..\..\..\..\Public\Model\Criptografia\Vcl.LealSoftwares.Model.Criptografia.pas"/>
        <DCCReference Include="..\..\..\..\Public\Model\Criptografia\LealSoftwares.Model.Criptografia.Interfaces.pas"/>
        <DCCReference Include="..\..\..\..\Public\Model\Criptografia\LealSoftwares.Model.Criptografia.DCP.Criptografia.pas"/>
        <DCCReference Include="..\..\..\..\Public\Model\Criptografia\LealSoftwares.Model.Criptografia.LockBox.Criptografia.pas"/>
        <DCCReference Include="..\..\..\..\Public\Model\Criptografia\LealSoftwares.Model.Criptografia.Factory.pas"/>
        <DCCReference Include="..\..\..\..\Public\Model\Configuracao\LealSoftwares.Model.Configuracao.Interfaces.pas"/>
        <DCCReference Include="..\..\..\..\Public\Model\LogOperacao\LealSoftwares.Model.LogOperacao.Interfaces.pas"/>
        <DCCReference Include="..\..\..\..\Public\Model\LogOperacao\LealSoftwares.Model.LogOperacao.pas"/>
        <DCCReference Include="..\..\..\Public\Model\Configuracao\MasterPDV.Model.Configuracao.pas"/>
        <DCCReference Include="..\..\..\..\Public\Classe\UFTPHost.pas"/>
        <DCCReference Include="..\..\..\..\Public\Library\VCL.Criptografia.pas"/>
        <DCCReference Include="..\..\..\..\Public\Library\VCL.Funcoes.pas"/>
        <DCCReference Include="..\..\..\..\Public\Library\VCL.Impressoras.pas"/>
        <DCCReference Include="..\..\..\..\Public\Interface\UMVCInterfaces.pas"/>
        <DCCReference Include="..\..\..\..\Public\Model\Entidades\LealSoftwares.Model.Entidades.Interfaces.pas"/>
        <DCCReference Include="..\..\..\..\Public\Model\LealSoftwares.Model.Interfaces.pas"/>
        <DCCReference Include="..\..\..\..\Public\View\LealSoftwares.View.Interfaces.pas"/>
        <DCCReference Include="..\..\..\..\Public\Controller\LealSoftwares.Controller.Interfaces.pas"/>
        <DCCReference Include="..\..\..\..\Public\Classe\UPais.pas"/>
        <DCCReference Include="..\..\..\..\Public\Model\UPaisModel.pas"/>
        <DCCReference Include="..\..\..\..\Public\Classe\UEstado.pas"/>
        <DCCReference Include="..\..\..\..\Public\Model\UEstadoModel.pas"/>
        <DCCReference Include="..\..\..\..\Public\Classe\UCidade.pas"/>
        <DCCReference Include="..\..\..\..\Public\Model\UCidadeModel.pas"/>
        <DCCReference Include="..\..\..\..\Public\Classe\UEndereco.pas"/>
        <DCCReference Include="..\..\..\..\Public\Classe\UEstabelecimento.pas"/>
        <DCCReference Include="..\..\..\..\Public\Classe\ULocal.pas"/>
        <DCCReference Include="..\..\..\..\Public\Classe\URaca.pas"/>
        <DCCReference Include="..\..\..\..\Public\Classe\UNacionalidade.pas"/>
        <DCCReference Include="..\..\..\..\Public\Classe\UNaturalidade.pas"/>
        <DCCReference Include="..\..\..\..\Public\Classe\UProfissao.pas"/>
        <DCCReference Include="..\..\..\..\Public\Classe\UPessoa.pas"/>
        <DCCReference Include="..\..\..\..\Public\Classe\UCategoria.pas"/>
        <DCCReference Include="..\..\..\..\Public\Classe\USubCategoria.pas"/>
        <DCCReference Include="..\..\..\..\Public\Classe\UMarca.pas"/>
        <DCCReference Include="..\..\..\..\Public\Classe\UUnidadeMedida.pas"/>
        <DCCReference Include="..\..\..\..\Public\Classe\UProduto.pas"/>
        <DCCReference Include="View\UFormularioPadrao.pas">
            <Form>frmPadrao</Form>
        </DCCReference>
        <DCCReference Include="..\..\..\..\Public\View\UFormularioPrivilegios.pas">
            <Form>frmPrivilegios</Form>
        </DCCReference>
        <DCCReference Include="..\..\..\..\Public\View\UFormularioRegistro.pas">
            <Form>frmRegistro</Form>
        </DCCReference>
        <DCCReference Include="View\uFrameFoto.pas">
            <Form>FrameFoto</Form>
            <DesignClass>TFrame</DesignClass>
        </DCCReference>
        <DCCReference Include="..\..\..\..\Public\View\UDialogoWebCam_New.pas">
            <Form>dlgWebCam_New</Form>
        </DCCReference>
        <DCCReference Include="UDataModuleLeiaute.pas">
            <Form>dmLeiaute</Form>
            <DesignClass>TDataModule</DesignClass>
        </DCCReference>
        <DCCReference Include="Model\UConexaoModel.pas"/>
        <DCCReference Include="..\..\..\Public\Model\Conexao\UDataModuleConexao.pas">
            <Form>dmConexao</Form>
            <DesignClass>TDataModule</DesignClass>
        </DCCReference>
        <DCCReference Include="Licenciamento\ULicenciamento.pas"/>
        <DCCReference Include="Classes\ULicenca.pas"/>
        <DCCReference Include="Model\UDataModuleLicenca.pas">
            <Form>dmLicenca</Form>
            <DesignClass>TDataModule</DesignClass>
        </DCCReference>
        <DCCReference Include="View\UDialogoConexao.pas">
            <Form>dlgConexao</Form>
        </DCCReference>
        <DCCReference Include="Controller\UConexaoController.pas"/>
        <DCCReference Include="View\UDialogoSenha.pas">
            <Form>dlgSenha</Form>
        </DCCReference>
        <DCCReference Include="View\UDialogoTrocaSenha.pas">
            <Form>dlgTrocaSenha</Form>
        </DCCReference>
        <DCCReference Include="..\..\..\..\Public\Model\USessaoModel.pas"/>
        <DCCReference Include="..\..\..\Public\Model\Sessao\UDataModuleSessao.pas">
            <Form>dmSessao</Form>
            <DesignClass>TDataModule</DesignClass>
        </DCCReference>
        <DCCReference Include="..\..\..\..\Public\Controller\USessaoController.pas"/>
        <DCCReference Include="..\..\..\..\Public\Classe\UUsuario.pas"/>
        <DCCReference Include="..\..\..\..\Public\Model\UUsuarioModel.pas"/>
        <DCCReference Include="..\..\..\..\Public\Model\UPrivilegioModel.pas"/>
        <DCCReference Include="Model\UDataModuleAcesso.pas">
            <Form>dmAcesso</Form>
            <DesignClass>TDataModule</DesignClass>
        </DCCReference>
        <DCCReference Include="View\MasterPDV.View.Usuarios.pas">
            <Form>frmUsuarios</Form>
        </DCCReference>
        <DCCReference Include="..\..\..\..\Public\Controller\UPrivilegioController.pas"/>
        <DCCReference Include="..\..\..\..\Public\Controller\UUsuarioController.pas"/>
        <DCCReference Include="View\MasterPDV.View.Autenticacao.pas">
            <Form>dlgAutenticacao</Form>
            <DesignClass>TDataModule</DesignClass>
        </DCCReference>
        <DCCReference Include="View\UDialogoConsultaCPF.pas">
            <Form>dlgConsultaCPF</Form>
        </DCCReference>
        <DCCReference Include="View\UDialogoConsultaCNPJ.pas">
            <Form>dlgConsultaCNPJ</Form>
        </DCCReference>
        <DCCReference Include="Model\UDataModuleComponentesACBr.pas">
            <Form>dmComponentesACBr</Form>
            <DesignClass>TDataModule</DesignClass>
        </DCCReference>
        <DCCReference Include="..\..\..\..\Public\View\UDialogoStatusOperacao.pas">
            <Form>dlgStatusOperacao</Form>
        </DCCReference>
        <DCCReference Include="Data\MySQL\UDataModuleCadastro.pas">
            <Form>dmCadastro</Form>
            <DesignClass>TDataModule</DesignClass>
        </DCCReference>
        <DCCReference Include="..\..\..\..\Public\Model\Entidades\UDataModuleProduto.pas">
            <Form>dmProduto</Form>
            <DesignClass>TDataModule</DesignClass>
        </DCCReference>
        <DCCReference Include="..\..\..\..\Public\Model\Entidades\UEstabelecimentoModel.pas"/>
        <DCCReference Include="View\MasterPDV.View.Estabelecimentos.pas">
            <Form>frmEstabelecimentos</Form>
        </DCCReference>
        <DCCReference Include="..\..\..\..\Public\Controller\UEstabelecimentoController.pas"/>
        <DCCReference Include="Classes\UDispositivo.pas"/>
        <DCCReference Include="Model\UDispositivoModel.pas"/>
        <DCCReference Include="View\MasterPDV.View.Dispositivos.pas">
            <Form>frmDispositivos</Form>
        </DCCReference>
        <DCCReference Include="Controller\UDispositivoController.pas"/>
        <DCCReference Include="Classes\UTokenCSC.pas"/>
        <DCCReference Include="Model\UTokenCSCModel.pas"/>
        <DCCReference Include="View\MasterPDV.View.TokensCSC.pas">
            <Form>frmTokensCSC</Form>
        </DCCReference>
        <DCCReference Include="Controller\UTokenCSCController.pas"/>
        <DCCReference Include="Classes\UTerminal.pas"/>
        <DCCReference Include="Model\UTerminalModel.pas"/>
        <DCCReference Include="View\MasterPDV.View.Terminais.pas">
            <Form>frmTerminais</Form>
        </DCCReference>
        <DCCReference Include="Controller\UTerminalController.pas"/>
        <DCCReference Include="Classes\UOperador.pas"/>
        <DCCReference Include="Model\UOperadorModel.pas"/>
        <DCCReference Include="View\MasterPDV.View.Operadores.pas">
            <Form>frmOperadores</Form>
        </DCCReference>
        <DCCReference Include="Controller\UOperadorController.pas"/>
        <DCCReference Include="Data\MySQL\UMasterPDVDataModulePDV.pas">
            <Form>dmPDV</Form>
            <DesignClass>TDataModule</DesignClass>
        </DCCReference>
        <DCCReference Include="Data\UMasterPDVDataModuleRelatorio.pas">
            <Form>dmRelatorio</Form>
            <DesignClass>TDataModule</DesignClass>
        </DCCReference>
        <DCCReference Include="View\MasterPDV.View.Imprimir.pas">
            <Form>dlgImprimir</Form>
        </DCCReference>
        <DCCReference Include="View\MasterPDV.View.IdentificacaoTerminal.pas">
            <Form>dlgIdentificacaoTerminal</Form>
        </DCCReference>
        <DCCReference Include="View\MasterPDV.View.MenuPrincipal.pas">
            <Form>frmMenuPrincipal</Form>
        </DCCReference>
        <DCCReference Include="View\MasterPDV.View.AberturaMovimento.pas">
            <Form>dlgAberturaMovimento</Form>
        </DCCReference>
        <DCCReference Include="Data\UMasterPDVDataModuleDocumentosFiscais.pas">
            <Form>dmDocumentosFiscais</Form>
            <DesignClass>TDataModule</DesignClass>
        </DCCReference>
        <DCCReference Include="View\MasterPDV.View.IdentificacaoTipoDocumentoFiscal.pas">
            <Form>dlgIdentificacaoTipoDocumentoFiscal</Form>
        </DCCReference>
        <DCCReference Include="View\MasterPDV.View.IdentificacaoDocumentoRFB.pas">
            <Form>dlgIdentificacaoDocumentoRFB</Form>
        </DCCReference>
        <DCCReference Include="View\MasterPDV.View.DocumentosFiscaisEventos.pas">
            <Form>dlgDocumentosFiscaisEventos</Form>
        </DCCReference>
        <DCCReference Include="View\MasterPDV.View.IdentificacaoRepresentante.pas">
            <Form>dlgIdentificacaoRepresentante</Form>
        </DCCReference>
        <DCCReference Include="Classes\UCliente.pas"/>
        <DCCReference Include="Model\UClienteModel.pas"/>
        <DCCReference Include="View\MasterPDV.View.IdentificacaoCliente.pas">
            <Form>dlgIdentificacaoCliente</Form>
        </DCCReference>
        <DCCReference Include="..\..\..\..\Public\Controller\UClienteController.pas"/>
        <DCCReference Include="View\MasterPDV.View.Acrescimo.pas">
            <Form>dlgAcrescimo</Form>
        </DCCReference>
        <DCCReference Include="View\MasterPDV.View.Desconto.pas">
            <Form>dlgDesconto</Form>
        </DCCReference>
        <DCCReference Include="View\MasterPDV.View.FormasRecebimentos.pas">
            <Form>dlgFormasRecebimentos</Form>
        </DCCReference>
        <DCCReference Include="View\MasterPDV.View.RecebimentoValor.pas">
            <Form>dlgRecebimentoValor</Form>
        </DCCReference>
        <DCCReference Include="View\MasterPDV.View.Obrigado.pas">
            <Form>frmObrigado</Form>
        </DCCReference>
        <DCCReference Include="View\MasterPDV.View.Venda.pas">
            <Form>frmVenda</Form>
        </DCCReference>
        <DCCReference Include="View\MasterPDV.View.CancelamentoItemVendido.pas">
            <Form>dlgCancelamentoItemVendido</Form>
        </DCCReference>
        <DCCReference Include="View\MasterPDV.View.VendaRecebimento.pas">
            <Form>frmVendaRecebimento</Form>
        </DCCReference>
        <DCCReference Include="View\MasterPDV.View.ConsultaProduto.pas">
            <Form>dlgConsultaProduto</Form>
        </DCCReference>
        <DCCReference Include="View\MasterPDV.View.PreVenda.pas">
            <Form>frmPreVenda</Form>
        </DCCReference>
        <DCCReference Include="View\MasterPDV.View.ListaPreVendasPendentes.pas">
            <Form>dlgListaPreVendasPendentes</Form>
        </DCCReference>
        <DCCReference Include="..\..\..\..\Public\Model\UDataModuleFiscal.pas">
            <Form>dmFiscal</Form>
            <DesignClass>TDataModule</DesignClass>
        </DCCReference>
        <DCCReference Include="..\..\..\..\Public\View\UDialogoNCM.pas">
            <Form>dlgNCM</Form>
        </DCCReference>
        <DCCReference Include="..\..\..\..\Public\View\UDialogoCST.pas">
            <Form>dlgCST</Form>
        </DCCReference>
        <DCCReference Include="..\..\..\..\Public\View\UDialogoCEST.pas">
            <Form>dlgCEST</Form>
        </DCCReference>
        <DCCReference Include="..\..\..\..\Public\Model\Entidades\UCategoriaModel.pas"/>
        <DCCReference Include="View\MasterPDV.View.Categorias.pas">
            <Form>frmCategorias</Form>
        </DCCReference>
        <DCCReference Include="..\..\..\..\Public\Controller\UCategoriaController.pas"/>
        <DCCReference Include="..\..\..\..\Public\Model\Entidades\UMarcaModel.pas"/>
        <DCCReference Include="View\MasterPDV.View.Marcas.pas">
            <Form>frmMarcas</Form>
        </DCCReference>
        <DCCReference Include="..\..\..\..\Public\Controller\UMarcaController.pas"/>
        <DCCReference Include="..\..\..\..\Public\Model\Entidades\UUnidadeMedidaModel.pas"/>
        <DCCReference Include="View\MasterPDV.View.UnidadesMedida.pas">
            <Form>frmUnidadesMedida</Form>
        </DCCReference>
        <DCCReference Include="..\..\..\..\Public\Controller\UUnidadeMedidaController.pas"/>
        <DCCReference Include="..\..\..\..\Public\Model\Entidades\UProdutoModel.pas"/>
        <DCCReference Include="View\MasterPDV.View.Produtos.pas">
            <Form>frmProdutos</Form>
        </DCCReference>
        <DCCReference Include="..\..\..\..\Public\Controller\UProdutoController.pas"/>
        <DCCReference Include="View\MasterPDV.View.Sangria.pas">
            <Form>dlgSangria</Form>
        </DCCReference>
        <DCCReference Include="View\MasterPDV.View.Suprimento.pas">
            <Form>dlgSuprimento</Form>
        </DCCReference>
        <DCCReference Include="View\MasterPDV.View.Localizar.pas">
            <Form>dlgLocalizar</Form>
        </DCCReference>
        <DCCReference Include="View\MasterPDV.View.ConsultaVendas.pas">
            <Form>dlgConsultaVendas</Form>
        </DCCReference>
        <DCCReference Include="View\MasterPDV.View.ConsultaDocumentosFiscais.pas">
            <Form>dlgConsultaDocumentosFiscais</Form>
        </DCCReference>
        <DCCReference Include="View\MasterPDV.View.ConsultaMovimentos.pas">
            <Form>dlgConsultaMovimentos</Form>
        </DCCReference>
        <DCCReference Include="View\MasterPDV.View.RelatorioFechamentoMovimento.pas">
            <Form>dlgRelatorioFechamentoMovimento</Form>
        </DCCReference>
        <DCCReference Include="View\MasterPDV.View.Recebimento.pas">
            <Form>frmRecebimento</Form>
        </DCCReference>
        <DCCReference Include="View\MasterPDV.View.ListaClientes.pas">
            <Form>dlgListaClientes</Form>
        </DCCReference>
        <DCCReference Include="View\MasterPDV.View.RecebimentoSubTotal.pas">
            <Form>frmRecebimentoSubTotal</Form>
        </DCCReference>
        <DCCReference Include="View\MasterPDV.View.EditaCampoMemo.pas">
            <Form>dlgEditaCampoMemo</Form>
        </DCCReference>
        <DCCReference Include="View\MasterPDV.View.VendaTouchScreen.pas">
            <Form>frmVendaTouchScreen</Form>
        </DCCReference>
        <DCCReference Include="View\MasterPDV.View.Consumo.pas">
            <Form>frmConsumo</Form>
        </DCCReference>
        <DCCReference Include="View\MasterPDV.View.CampanhaDesconto.pas">
            <Form>dlgCampanhaDesconto</Form>
        </DCCReference>
        <DCCReference Include="View\MasterPDV.View.VendaTroca.pas">
            <Form>dlgVendaTroca</Form>
        </DCCReference>
        <DCCReference Include="Model\MasterPDV.Model.TEF.pas">
            <Form>ModelTEF</Form>
            <DesignClass>TDataModule</DesignClass>
        </DCCReference>
        <BuildConfiguration Include="Release">
            <Key>Cfg_2</Key>
            <CfgParent>Base</CfgParent>
        </BuildConfiguration>
        <BuildConfiguration Include="Base">
            <Key>Base</Key>
        </BuildConfiguration>
        <BuildConfiguration Include="Debug">
            <Key>Cfg_1</Key>
            <CfgParent>Base</CfgParent>
        </BuildConfiguration>
    </ItemGroup>
    <ProjectExtensions>
        <Borland.Personality>Delphi.Personality.12</Borland.Personality>
        <Borland.ProjectType>Application</Borland.ProjectType>
        <BorlandProject>
            <Delphi.Personality>
                <Source>
                    <Source Name="MainSource">MasterPDV.dpr</Source>
                </Source>
                <Excluded_Packages>
                    <Excluded_Packages Name="C:\Users\Public\Documents\Embarcadero\Studio\20.0\Bpl\AbbreviaFMXDDesign260.bpl">TurboPack Abbrevia FMX Designtime Delphi package</Excluded_Packages>
                    <Excluded_Packages Name="C:\Users\Public\Documents\Embarcadero\Studio\20.0\Bpl\LockBox3FMXDD260.bpl">TurboPack LockBox 3 FMX designtime package</Excluded_Packages>
                    <Excluded_Packages Name="$(BDSBIN)\bcboffice2k260.bpl">Embarcadero C++Builder Office 2000 Servers Package</Excluded_Packages>
                    <Excluded_Packages Name="$(BDSBIN)\bcbofficexp260.bpl">Embarcadero C++Builder Office XP Servers Package</Excluded_Packages>
                    <Excluded_Packages Name="$(BDSBIN)\dcloffice2k260.bpl">Microsoft Office 2000 Sample Automation Server Wrapper Components</Excluded_Packages>
                    <Excluded_Packages Name="$(BDSBIN)\dclofficexp260.bpl">Microsoft Office XP Sample Automation Server Wrapper Components</Excluded_Packages>
                </Excluded_Packages>
            </Delphi.Personality>
            <Deployment Version="3">
                <DeployFile LocalName="..\Bin\Win32\MasterPDV.exe" Configuration="Debug" Class="ProjectOutput"/>
                <DeployFile LocalName="..\output\bin\Win32\Debug\MasterPDV.exe" Configuration="Debug" Class="ProjectOutput">
                    <Platform Name="Win32">
                        <RemoteName>MasterPDV.exe</RemoteName>
                        <Overwrite>true</Overwrite>
                    </Platform>
                </DeployFile>
                <DeployFile LocalName="..\output\bin\Win32\Debug\MasterPDV.exe" Configuration="Debug" Class="ProjectOutput"/>
                <DeployClass Name="AdditionalDebugSymbols">
                    <Platform Name="iOSSimulator">
                        <Operation>1</Operation>
                    </Platform>
                    <Platform Name="OSX32">
                        <RemoteDir>Contents\MacOS</RemoteDir>
                        <Operation>1</Operation>
                    </Platform>
                    <Platform Name="Win32">
                        <Operation>0</Operation>
                    </Platform>
                </DeployClass>
                <DeployClass Name="AndroidClasses">
                    <Platform Name="Android">
                        <RemoteDir>classes</RemoteDir>
                        <Operation>64</Operation>
                    </Platform>
                    <Platform Name="Android64">
                        <RemoteDir>classes</RemoteDir>
                        <Operation>64</Operation>
                    </Platform>
                </DeployClass>
                <DeployClass Name="AndroidClassesDexFile">
                    <Platform Name="Android">
                        <RemoteDir>classes</RemoteDir>
                        <Operation>1</Operation>
                    </Platform>
                    <Platform Name="Android64">
                        <RemoteDir>classes</RemoteDir>
                        <Operation>1</Operation>
                    </Platform>
                </DeployClass>
                <DeployClass Name="AndroidFileProvider">
                    <Platform Name="Android">
                        <RemoteDir>res\xml</RemoteDir>
                        <Operation>1</Operation>
                    </Platform>
                    <Platform Name="Android64">
                        <RemoteDir>res\xml</RemoteDir>
                        <Operation>1</Operation>
                    </Platform>
                </DeployClass>
                <DeployClass Name="AndroidGDBServer">
                    <Platform Name="Android">
                        <RemoteDir>library\lib\armeabi-v7a</RemoteDir>
                        <Operation>1</Operation>
                    </Platform>
                </DeployClass>
                <DeployClass Name="AndroidLibnativeArmeabiFile">
                    <Platform Name="Android">
                        <RemoteDir>library\lib\armeabi</RemoteDir>
                        <Operation>1</Operation>
                    </Platform>
                    <Platform Name="Android64">
                        <RemoteDir>library\lib\armeabi</RemoteDir>
                        <Operation>1</Operation>
                    </Platform>
                </DeployClass>
                <DeployClass Name="AndroidLibnativeArmeabiv7aFile">
                    <Platform Name="Android64">
                        <RemoteDir>library\lib\armeabi-v7a</RemoteDir>
                        <Operation>1</Operation>
                    </Platform>
                </DeployClass>
                <DeployClass Name="AndroidLibnativeMipsFile">
                    <Platform Name="Android">
                        <RemoteDir>library\lib\mips</RemoteDir>
                        <Operation>1</Operation>
                    </Platform>
                    <Platform Name="Android64">
                        <RemoteDir>library\lib\mips</RemoteDir>
                        <Operation>1</Operation>
                    </Platform>
                </DeployClass>
                <DeployClass Name="AndroidServiceOutput">
                    <Platform Name="Android">
                        <RemoteDir>library\lib\armeabi-v7a</RemoteDir>
                        <Operation>1</Operation>
                    </Platform>
                    <Platform Name="Android64">
                        <RemoteDir>library\lib\arm64-v8a</RemoteDir>
                        <Operation>1</Operation>
                    </Platform>
                </DeployClass>
                <DeployClass Name="AndroidServiceOutput_Android32">
                    <Platform Name="Android64">
                        <RemoteDir>library\lib\armeabi-v7a</RemoteDir>
                        <Operation>1</Operation>
                    </Platform>
                </DeployClass>
                <DeployClass Name="AndroidSplashImageDef">
                    <Platform Name="Android">
                        <RemoteDir>res\drawable</RemoteDir>
                        <Operation>1</Operation>
                    </Platform>
                    <Platform Name="Android64">
                        <RemoteDir>res\drawable</RemoteDir>
                        <Operation>1</Operation>
                    </Platform>
                </DeployClass>
                <DeployClass Name="AndroidSplashStyles">
                    <Platform Name="Android">
                        <RemoteDir>res\values</RemoteDir>
                        <Operation>1</Operation>
                    </Platform>
                    <Platform Name="Android64">
                        <RemoteDir>res\values</RemoteDir>
                        <Operation>1</Operation>
                    </Platform>
                </DeployClass>
                <DeployClass Name="AndroidSplashStylesV21">
                    <Platform Name="Android">
                        <RemoteDir>res\values-v21</RemoteDir>
                        <Operation>1</Operation>
                    </Platform>
                    <Platform Name="Android64">
                        <RemoteDir>res\values-v21</RemoteDir>
                        <Operation>1</Operation>
                    </Platform>
                </DeployClass>
                <DeployClass Name="Android_Colors">
                    <Platform Name="Android">
                        <RemoteDir>res\values</RemoteDir>
                        <Operation>1</Operation>
                    </Platform>
                    <Platform Name="Android64">
                        <RemoteDir>res\values</RemoteDir>
                        <Operation>1</Operation>
                    </Platform>
                </DeployClass>
                <DeployClass Name="Android_DefaultAppIcon">
                    <Platform Name="Android">
                        <RemoteDir>res\drawable</RemoteDir>
                        <Operation>1</Operation>
                    </Platform>
                    <Platform Name="Android64">
                        <RemoteDir>res\drawable</RemoteDir>
                        <Operation>1</Operation>
                    </Platform>
                </DeployClass>
                <DeployClass Name="Android_LauncherIcon144">
                    <Platform Name="Android">
                        <RemoteDir>res\drawable-xxhdpi</RemoteDir>
                        <Operation>1</Operation>
                    </Platform>
                    <Platform Name="Android64">
                        <RemoteDir>res\drawable-xxhdpi</RemoteDir>
                        <Operation>1</Operation>
                    </Platform>
                </DeployClass>
                <DeployClass Name="Android_LauncherIcon192">
                    <Platform Name="Android">
                        <RemoteDir>res\drawable-xxxhdpi</RemoteDir>
                        <Operation>1</Operation>
                    </Platform>
                    <Platform Name="Android64">
                        <RemoteDir>res\drawable-xxxhdpi</RemoteDir>
                        <Operation>1</Operation>
                    </Platform>
                </DeployClass>
                <DeployClass Name="Android_LauncherIcon36">
                    <Platform Name="Android">
                        <RemoteDir>res\drawable-ldpi</RemoteDir>
                        <Operation>1</Operation>
                    </Platform>
                    <Platform Name="Android64">
                        <RemoteDir>res\drawable-ldpi</RemoteDir>
                        <Operation>1</Operation>
                    </Platform>
                </DeployClass>
                <DeployClass Name="Android_LauncherIcon48">
                    <Platform Name="Android">
                        <RemoteDir>res\drawable-mdpi</RemoteDir>
                        <Operation>1</Operation>
                    </Platform>
                    <Platform Name="Android64">
                        <RemoteDir>res\drawable-mdpi</RemoteDir>
                        <Operation>1</Operation>
                    </Platform>
                </DeployClass>
                <DeployClass Name="Android_LauncherIcon72">
                    <Platform Name="Android">
                        <RemoteDir>res\drawable-hdpi</RemoteDir>
                        <Operation>1</Operation>
                    </Platform>
                    <Platform Name="Android64">
                        <RemoteDir>res\drawable-hdpi</RemoteDir>
                        <Operation>1</Operation>
                    </Platform>
                </DeployClass>
                <DeployClass Name="Android_LauncherIcon96">
                    <Platform Name="Android">
                        <RemoteDir>res\drawable-xhdpi</RemoteDir>
                        <Operation>1</Operation>
                    </Platform>
                    <Platform Name="Android64">
                        <RemoteDir>res\drawable-xhdpi</RemoteDir>
                        <Operation>1</Operation>
                    </Platform>
                </DeployClass>
                <DeployClass Name="Android_NotificationIcon24">
                    <Platform Name="Android">
                        <RemoteDir>res\drawable-mdpi</RemoteDir>
                        <Operation>1</Operation>
                    </Platform>
                    <Platform Name="Android64">
                        <RemoteDir>res\drawable-mdpi</RemoteDir>
                        <Operation>1</Operation>
                    </Platform>
                </DeployClass>
                <DeployClass Name="Android_NotificationIcon36">
                    <Platform Name="Android">
                        <RemoteDir>res\drawable-hdpi</RemoteDir>
                        <Operation>1</Operation>
                    </Platform>
                    <Platform Name="Android64">
                        <RemoteDir>res\drawable-hdpi</RemoteDir>
                        <Operation>1</Operation>
                    </Platform>
                </DeployClass>
                <DeployClass Name="Android_NotificationIcon48">
                    <Platform Name="Android">
                        <RemoteDir>res\drawable-xhdpi</RemoteDir>
                        <Operation>1</Operation>
                    </Platform>
                    <Platform Name="Android64">
                        <RemoteDir>res\drawable-xhdpi</RemoteDir>
                        <Operation>1</Operation>
                    </Platform>
                </DeployClass>
                <DeployClass Name="Android_NotificationIcon72">
                    <Platform Name="Android">
                        <RemoteDir>res\drawable-xxhdpi</RemoteDir>
                        <Operation>1</Operation>
                    </Platform>
                    <Platform Name="Android64">
                        <RemoteDir>res\drawable-xxhdpi</RemoteDir>
                        <Operation>1</Operation>
                    </Platform>
                </DeployClass>
                <DeployClass Name="Android_NotificationIcon96">
                    <Platform Name="Android">
                        <RemoteDir>res\drawable-xxxhdpi</RemoteDir>
                        <Operation>1</Operation>
                    </Platform>
                    <Platform Name="Android64">
                        <RemoteDir>res\drawable-xxxhdpi</RemoteDir>
                        <Operation>1</Operation>
                    </Platform>
                </DeployClass>
                <DeployClass Name="Android_SplashImage426">
                    <Platform Name="Android">
                        <RemoteDir>res\drawable-small</RemoteDir>
                        <Operation>1</Operation>
                    </Platform>
                    <Platform Name="Android64">
                        <RemoteDir>res\drawable-small</RemoteDir>
                        <Operation>1</Operation>
                    </Platform>
                </DeployClass>
                <DeployClass Name="Android_SplashImage470">
                    <Platform Name="Android">
                        <RemoteDir>res\drawable-normal</RemoteDir>
                        <Operation>1</Operation>
                    </Platform>
                    <Platform Name="Android64">
                        <RemoteDir>res\drawable-normal</RemoteDir>
                        <Operation>1</Operation>
                    </Platform>
                </DeployClass>
                <DeployClass Name="Android_SplashImage640">
                    <Platform Name="Android">
                        <RemoteDir>res\drawable-large</RemoteDir>
                        <Operation>1</Operation>
                    </Platform>
                    <Platform Name="Android64">
                        <RemoteDir>res\drawable-large</RemoteDir>
                        <Operation>1</Operation>
                    </Platform>
                </DeployClass>
                <DeployClass Name="Android_SplashImage960">
                    <Platform Name="Android">
                        <RemoteDir>res\drawable-xlarge</RemoteDir>
                        <Operation>1</Operation>
                    </Platform>
                    <Platform Name="Android64">
                        <RemoteDir>res\drawable-xlarge</RemoteDir>
                        <Operation>1</Operation>
                    </Platform>
                </DeployClass>
                <DeployClass Name="Android_Strings">
                    <Platform Name="Android">
                        <RemoteDir>res\values</RemoteDir>
                        <Operation>1</Operation>
                    </Platform>
                    <Platform Name="Android64">
                        <RemoteDir>res\values</RemoteDir>
                        <Operation>1</Operation>
                    </Platform>
                </DeployClass>
                <DeployClass Name="DebugSymbols">
                    <Platform Name="iOSSimulator">
                        <Operation>1</Operation>
                    </Platform>
                    <Platform Name="OSX32">
                        <RemoteDir>Contents\MacOS</RemoteDir>
                        <Operation>1</Operation>
                    </Platform>
                    <Platform Name="Win32">
                        <Operation>0</Operation>
                    </Platform>
                </DeployClass>
                <DeployClass Name="DependencyFramework">
                    <Platform Name="OSX32">
                        <RemoteDir>Contents\MacOS</RemoteDir>
                        <Operation>1</Operation>
                        <Extensions>.framework</Extensions>
                    </Platform>
                    <Platform Name="OSX64">
                        <RemoteDir>Contents\MacOS</RemoteDir>
                        <Operation>1</Operation>
                        <Extensions>.framework</Extensions>
                    </Platform>
                    <Platform Name="Win32">
                        <Operation>0</Operation>
                    </Platform>
                </DeployClass>
                <DeployClass Name="DependencyModule">
                    <Platform Name="iOSDevice32">
                        <Operation>1</Operation>
                        <Extensions>.dylib</Extensions>
                    </Platform>
                    <Platform Name="iOSDevice64">
                        <Operation>1</Operation>
                        <Extensions>.dylib</Extensions>
                    </Platform>
                    <Platform Name="iOSSimulator">
                        <Operation>1</Operation>
                        <Extensions>.dylib</Extensions>
                    </Platform>
                    <Platform Name="OSX32">
                        <RemoteDir>Contents\MacOS</RemoteDir>
                        <Operation>1</Operation>
                        <Extensions>.dylib</Extensions>
                    </Platform>
                    <Platform Name="OSX64">
                        <RemoteDir>Contents\MacOS</RemoteDir>
                        <Operation>1</Operation>
                        <Extensions>.dylib</Extensions>
                    </Platform>
                    <Platform Name="Win32">
                        <Operation>0</Operation>
                        <Extensions>.dll;.bpl</Extensions>
                    </Platform>
                </DeployClass>
                <DeployClass Required="true" Name="DependencyPackage">
                    <Platform Name="iOSDevice32">
                        <Operation>1</Operation>
                        <Extensions>.dylib</Extensions>
                    </Platform>
                    <Platform Name="iOSDevice64">
                        <Operation>1</Operation>
                        <Extensions>.dylib</Extensions>
                    </Platform>
                    <Platform Name="iOSSimulator">
                        <Operation>1</Operation>
                        <Extensions>.dylib</Extensions>
                    </Platform>
                    <Platform Name="OSX32">
                        <RemoteDir>Contents\MacOS</RemoteDir>
                        <Operation>1</Operation>
                        <Extensions>.dylib</Extensions>
                    </Platform>
                    <Platform Name="OSX64">
                        <RemoteDir>Contents\MacOS</RemoteDir>
                        <Operation>1</Operation>
                        <Extensions>.dylib</Extensions>
                    </Platform>
                    <Platform Name="Win32">
                        <Operation>0</Operation>
                        <Extensions>.bpl</Extensions>
                    </Platform>
                </DeployClass>
                <DeployClass Name="File">
                    <Platform Name="Android">
                        <Operation>0</Operation>
                    </Platform>
                    <Platform Name="Android64">
                        <Operation>0</Operation>
                    </Platform>
                    <Platform Name="iOSDevice32">
                        <Operation>0</Operation>
                    </Platform>
                    <Platform Name="iOSDevice64">
                        <Operation>0</Operation>
                    </Platform>
                    <Platform Name="iOSSimulator">
                        <Operation>0</Operation>
                    </Platform>
                    <Platform Name="OSX32">
                        <RemoteDir>Contents\Resources\StartUp\</RemoteDir>
                        <Operation>0</Operation>
                    </Platform>
                    <Platform Name="OSX64">
                        <RemoteDir>Contents\Resources\StartUp\</RemoteDir>
                        <Operation>0</Operation>
                    </Platform>
                    <Platform Name="Win32">
                        <Operation>0</Operation>
                    </Platform>
                </DeployClass>
                <DeployClass Name="iOS_AppStore1024">
                    <Platform Name="iOSDevice64">
                        <RemoteDir>..\$(PROJECTNAME).launchscreen\Assets\AppIcon.appiconset</RemoteDir>
                        <Operation>1</Operation>
                    </Platform>
                    <Platform Name="iOSSimARM64">
                        <RemoteDir>..\$(PROJECTNAME).launchscreen\Assets\AppIcon.appiconset</RemoteDir>
                        <Operation>1</Operation>
                    </Platform>
                </DeployClass>
                <DeployClass Name="iPad_AppIcon152">
                    <Platform Name="iOSDevice64">
                        <RemoteDir>..\$(PROJECTNAME).launchscreen\Assets\AppIcon.appiconset</RemoteDir>
                        <Operation>1</Operation>
                    </Platform>
                    <Platform Name="iOSSimARM64">
                        <RemoteDir>..\$(PROJECTNAME).launchscreen\Assets\AppIcon.appiconset</RemoteDir>
                        <Operation>1</Operation>
                    </Platform>
                </DeployClass>
                <DeployClass Name="iPad_AppIcon167">
                    <Platform Name="iOSDevice64">
                        <RemoteDir>..\$(PROJECTNAME).launchscreen\Assets\AppIcon.appiconset</RemoteDir>
                        <Operation>1</Operation>
                    </Platform>
                    <Platform Name="iOSSimARM64">
                        <RemoteDir>..\$(PROJECTNAME).launchscreen\Assets\AppIcon.appiconset</RemoteDir>
                        <Operation>1</Operation>
                    </Platform>
                </DeployClass>
                <DeployClass Name="iPad_Launch1024x768">
                    <Platform Name="iOSDevice32">
                        <Operation>1</Operation>
                    </Platform>
                    <Platform Name="iOSDevice64">
                        <Operation>1</Operation>
                    </Platform>
                    <Platform Name="iOSSimulator">
                        <Operation>1</Operation>
                    </Platform>
                </DeployClass>
                <DeployClass Name="iPad_Launch1536x2048">
                    <Platform Name="iOSDevice32">
                        <Operation>1</Operation>
                    </Platform>
                    <Platform Name="iOSDevice64">
                        <Operation>1</Operation>
                    </Platform>
                    <Platform Name="iOSSimulator">
                        <Operation>1</Operation>
                    </Platform>
                </DeployClass>
                <DeployClass Name="iPad_Launch1668">
                    <Platform Name="iOSDevice32">
                        <Operation>1</Operation>
                    </Platform>
                    <Platform Name="iOSDevice64">
                        <Operation>1</Operation>
                    </Platform>
                    <Platform Name="iOSSimulator">
                        <Operation>1</Operation>
                    </Platform>
                </DeployClass>
                <DeployClass Name="iPad_Launch1668x2388">
                    <Platform Name="iOSDevice32">
                        <Operation>1</Operation>
                    </Platform>
                    <Platform Name="iOSDevice64">
                        <Operation>1</Operation>
                    </Platform>
                    <Platform Name="iOSSimulator">
                        <Operation>1</Operation>
                    </Platform>
                </DeployClass>
                <DeployClass Name="iPad_Launch2048x1536">
                    <Platform Name="iOSDevice32">
                        <Operation>1</Operation>
                    </Platform>
                    <Platform Name="iOSDevice64">
                        <Operation>1</Operation>
                    </Platform>
                    <Platform Name="iOSSimulator">
                        <Operation>1</Operation>
                    </Platform>
                </DeployClass>
                <DeployClass Name="iPad_Launch2048x2732">
                    <Platform Name="iOSDevice32">
                        <Operation>1</Operation>
                    </Platform>
                    <Platform Name="iOSDevice64">
                        <Operation>1</Operation>
                    </Platform>
                    <Platform Name="iOSSimulator">
                        <Operation>1</Operation>
                    </Platform>
                </DeployClass>
                <DeployClass Name="iPad_Launch2224">
                    <Platform Name="iOSDevice32">
                        <Operation>1</Operation>
                    </Platform>
                    <Platform Name="iOSDevice64">
                        <Operation>1</Operation>
                    </Platform>
                    <Platform Name="iOSSimulator">
                        <Operation>1</Operation>
                    </Platform>
                </DeployClass>
                <DeployClass Name="iPad_Launch2388x1668">
                    <Platform Name="iOSDevice32">
                        <Operation>1</Operation>
                    </Platform>
                    <Platform Name="iOSDevice64">
                        <Operation>1</Operation>
                    </Platform>
                    <Platform Name="iOSSimulator">
                        <Operation>1</Operation>
                    </Platform>
                </DeployClass>
                <DeployClass Name="iPad_Launch2732x2048">
                    <Platform Name="iOSDevice32">
                        <Operation>1</Operation>
                    </Platform>
                    <Platform Name="iOSDevice64">
                        <Operation>1</Operation>
                    </Platform>
                    <Platform Name="iOSSimulator">
                        <Operation>1</Operation>
                    </Platform>
                </DeployClass>
                <DeployClass Name="iPad_Launch2x">
                    <Platform Name="iOSDevice64">
                        <RemoteDir>..\$(PROJECTNAME).launchscreen\Assets\LaunchScreenImage.imageset</RemoteDir>
                        <Operation>1</Operation>
                    </Platform>
                    <Platform Name="iOSSimARM64">
                        <RemoteDir>..\$(PROJECTNAME).launchscreen\Assets\LaunchScreenImage.imageset</RemoteDir>
                        <Operation>1</Operation>
                    </Platform>
                </DeployClass>
                <DeployClass Name="iPad_Launch768x1024">
                    <Platform Name="iOSDevice32">
                        <Operation>1</Operation>
                    </Platform>
                    <Platform Name="iOSDevice64">
                        <Operation>1</Operation>
                    </Platform>
                    <Platform Name="iOSSimulator">
                        <Operation>1</Operation>
                    </Platform>
                </DeployClass>
                <DeployClass Name="iPad_LaunchDark2x">
                    <Platform Name="iOSDevice64">
                        <RemoteDir>..\$(PROJECTNAME).launchscreen\Assets\LaunchScreenImage.imageset</RemoteDir>
                        <Operation>1</Operation>
                    </Platform>
                    <Platform Name="iOSSimARM64">
                        <RemoteDir>..\$(PROJECTNAME).launchscreen\Assets\LaunchScreenImage.imageset</RemoteDir>
                        <Operation>1</Operation>
                    </Platform>
                </DeployClass>
                <DeployClass Name="iPad_Notification40">
                    <Platform Name="iOSDevice64">
                        <RemoteDir>..\$(PROJECTNAME).launchscreen\Assets\AppIcon.appiconset</RemoteDir>
                        <Operation>1</Operation>
                    </Platform>
                    <Platform Name="iOSSimARM64">
                        <RemoteDir>..\$(PROJECTNAME).launchscreen\Assets\AppIcon.appiconset</RemoteDir>
                        <Operation>1</Operation>
                    </Platform>
                </DeployClass>
                <DeployClass Name="iPad_Setting58">
                    <Platform Name="iOSDevice64">
                        <RemoteDir>..\$(PROJECTNAME).launchscreen\Assets\AppIcon.appiconset</RemoteDir>
                        <Operation>1</Operation>
                    </Platform>
                    <Platform Name="iOSSimARM64">
                        <RemoteDir>..\$(PROJECTNAME).launchscreen\Assets\AppIcon.appiconset</RemoteDir>
                        <Operation>1</Operation>
                    </Platform>
                </DeployClass>
                <DeployClass Name="iPad_SpotLight80">
                    <Platform Name="iOSDevice64">
                        <RemoteDir>..\$(PROJECTNAME).launchscreen\Assets\AppIcon.appiconset</RemoteDir>
                        <Operation>1</Operation>
                    </Platform>
                    <Platform Name="iOSSimARM64">
                        <RemoteDir>..\$(PROJECTNAME).launchscreen\Assets\AppIcon.appiconset</RemoteDir>
                        <Operation>1</Operation>
                    </Platform>
                </DeployClass>
                <DeployClass Name="iPhone_AppIcon120">
                    <Platform Name="iOSDevice64">
                        <RemoteDir>..\$(PROJECTNAME).launchscreen\Assets\AppIcon.appiconset</RemoteDir>
                        <Operation>1</Operation>
                    </Platform>
                    <Platform Name="iOSSimARM64">
                        <RemoteDir>..\$(PROJECTNAME).launchscreen\Assets\AppIcon.appiconset</RemoteDir>
                        <Operation>1</Operation>
                    </Platform>
                </DeployClass>
                <DeployClass Name="iPhone_AppIcon180">
                    <Platform Name="iOSDevice64">
                        <RemoteDir>..\$(PROJECTNAME).launchscreen\Assets\AppIcon.appiconset</RemoteDir>
                        <Operation>1</Operation>
                    </Platform>
                    <Platform Name="iOSSimARM64">
                        <RemoteDir>..\$(PROJECTNAME).launchscreen\Assets\AppIcon.appiconset</RemoteDir>
                        <Operation>1</Operation>
                    </Platform>
                </DeployClass>
                <DeployClass Name="iPhone_Launch1125">
                    <Platform Name="iOSDevice32">
                        <Operation>1</Operation>
                    </Platform>
                    <Platform Name="iOSDevice64">
                        <Operation>1</Operation>
                    </Platform>
                    <Platform Name="iOSSimulator">
                        <Operation>1</Operation>
                    </Platform>
                </DeployClass>
                <DeployClass Name="iPhone_Launch1136x640">
                    <Platform Name="iOSDevice32">
                        <Operation>1</Operation>
                    </Platform>
                    <Platform Name="iOSDevice64">
                        <Operation>1</Operation>
                    </Platform>
                    <Platform Name="iOSSimulator">
                        <Operation>1</Operation>
                    </Platform>
                </DeployClass>
                <DeployClass Name="iPhone_Launch1242">
                    <Platform Name="iOSDevice32">
                        <Operation>1</Operation>
                    </Platform>
                    <Platform Name="iOSDevice64">
                        <Operation>1</Operation>
                    </Platform>
                    <Platform Name="iOSSimulator">
                        <Operation>1</Operation>
                    </Platform>
                </DeployClass>
                <DeployClass Name="iPhone_Launch1242x2688">
                    <Platform Name="iOSDevice32">
                        <Operation>1</Operation>
                    </Platform>
                    <Platform Name="iOSDevice64">
                        <Operation>1</Operation>
                    </Platform>
                    <Platform Name="iOSSimulator">
                        <Operation>1</Operation>
                    </Platform>
                </DeployClass>
                <DeployClass Name="iPhone_Launch1334">
                    <Platform Name="iOSDevice32">
                        <Operation>1</Operation>
                    </Platform>
                    <Platform Name="iOSDevice64">
                        <Operation>1</Operation>
                    </Platform>
                    <Platform Name="iOSSimulator">
                        <Operation>1</Operation>
                    </Platform>
                </DeployClass>
                <DeployClass Name="iPhone_Launch1792">
                    <Platform Name="iOSDevice32">
                        <Operation>1</Operation>
                    </Platform>
                    <Platform Name="iOSDevice64">
                        <Operation>1</Operation>
                    </Platform>
                    <Platform Name="iOSSimulator">
                        <Operation>1</Operation>
                    </Platform>
                </DeployClass>
                <DeployClass Name="iPhone_Launch2208">
                    <Platform Name="iOSDevice32">
                        <Operation>1</Operation>
                    </Platform>
                    <Platform Name="iOSDevice64">
                        <Operation>1</Operation>
                    </Platform>
                    <Platform Name="iOSSimulator">
                        <Operation>1</Operation>
                    </Platform>
                </DeployClass>
                <DeployClass Name="iPhone_Launch2436">
                    <Platform Name="iOSDevice32">
                        <Operation>1</Operation>
                    </Platform>
                    <Platform Name="iOSDevice64">
                        <Operation>1</Operation>
                    </Platform>
                    <Platform Name="iOSSimulator">
                        <Operation>1</Operation>
                    </Platform>
                </DeployClass>
                <DeployClass Name="iPhone_Launch2688x1242">
                    <Platform Name="iOSDevice32">
                        <Operation>1</Operation>
                    </Platform>
                    <Platform Name="iOSDevice64">
                        <Operation>1</Operation>
                    </Platform>
                    <Platform Name="iOSSimulator">
                        <Operation>1</Operation>
                    </Platform>
                </DeployClass>
                <DeployClass Name="iPhone_Launch2x">
                    <Platform Name="iOSDevice64">
                        <RemoteDir>..\$(PROJECTNAME).launchscreen\Assets\LaunchScreenImage.imageset</RemoteDir>
                        <Operation>1</Operation>
                    </Platform>
                    <Platform Name="iOSSimARM64">
                        <RemoteDir>..\$(PROJECTNAME).launchscreen\Assets\LaunchScreenImage.imageset</RemoteDir>
                        <Operation>1</Operation>
                    </Platform>
                </DeployClass>
                <DeployClass Name="iPhone_Launch320">
                    <Platform Name="iOSDevice32">
                        <Operation>1</Operation>
                    </Platform>
                    <Platform Name="iOSDevice64">
                        <Operation>1</Operation>
                    </Platform>
                    <Platform Name="iOSSimulator">
                        <Operation>1</Operation>
                    </Platform>
                </DeployClass>
                <DeployClass Name="iPhone_Launch3x">
                    <Platform Name="iOSDevice64">
                        <RemoteDir>..\$(PROJECTNAME).launchscreen\Assets\LaunchScreenImage.imageset</RemoteDir>
                        <Operation>1</Operation>
                    </Platform>
                    <Platform Name="iOSSimARM64">
                        <RemoteDir>..\$(PROJECTNAME).launchscreen\Assets\LaunchScreenImage.imageset</RemoteDir>
                        <Operation>1</Operation>
                    </Platform>
                </DeployClass>
                <DeployClass Name="iPhone_Launch640">
                    <Platform Name="iOSDevice32">
                        <Operation>1</Operation>
                    </Platform>
                    <Platform Name="iOSDevice64">
                        <Operation>1</Operation>
                    </Platform>
                    <Platform Name="iOSSimulator">
                        <Operation>1</Operation>
                    </Platform>
                </DeployClass>
                <DeployClass Name="iPhone_Launch640x1136">
                    <Platform Name="iOSDevice32">
                        <Operation>1</Operation>
                    </Platform>
                    <Platform Name="iOSDevice64">
                        <Operation>1</Operation>
                    </Platform>
                    <Platform Name="iOSSimulator">
                        <Operation>1</Operation>
                    </Platform>
                </DeployClass>
                <DeployClass Name="iPhone_Launch750">
                    <Platform Name="iOSDevice32">
                        <Operation>1</Operation>
                    </Platform>
                    <Platform Name="iOSDevice64">
                        <Operation>1</Operation>
                    </Platform>
                    <Platform Name="iOSSimulator">
                        <Operation>1</Operation>
                    </Platform>
                </DeployClass>
                <DeployClass Name="iPhone_Launch828">
                    <Platform Name="iOSDevice32">
                        <Operation>1</Operation>
                    </Platform>
                    <Platform Name="iOSDevice64">
                        <Operation>1</Operation>
                    </Platform>
                    <Platform Name="iOSSimulator">
                        <Operation>1</Operation>
                    </Platform>
                </DeployClass>
                <DeployClass Name="iPhone_LaunchDark2x">
                    <Platform Name="iOSDevice64">
                        <RemoteDir>..\$(PROJECTNAME).launchscreen\Assets\LaunchScreenImage.imageset</RemoteDir>
                        <Operation>1</Operation>
                    </Platform>
                    <Platform Name="iOSSimARM64">
                        <RemoteDir>..\$(PROJECTNAME).launchscreen\Assets\LaunchScreenImage.imageset</RemoteDir>
                        <Operation>1</Operation>
                    </Platform>
                </DeployClass>
                <DeployClass Name="iPhone_LaunchDark3x">
                    <Platform Name="iOSDevice64">
                        <RemoteDir>..\$(PROJECTNAME).launchscreen\Assets\LaunchScreenImage.imageset</RemoteDir>
                        <Operation>1</Operation>
                    </Platform>
                    <Platform Name="iOSSimARM64">
                        <RemoteDir>..\$(PROJECTNAME).launchscreen\Assets\LaunchScreenImage.imageset</RemoteDir>
                        <Operation>1</Operation>
                    </Platform>
                </DeployClass>
                <DeployClass Name="iPhone_Notification40">
                    <Platform Name="iOSDevice64">
                        <RemoteDir>..\$(PROJECTNAME).launchscreen\Assets\AppIcon.appiconset</RemoteDir>
                        <Operation>1</Operation>
                    </Platform>
                    <Platform Name="iOSSimARM64">
                        <RemoteDir>..\$(PROJECTNAME).launchscreen\Assets\AppIcon.appiconset</RemoteDir>
                        <Operation>1</Operation>
                    </Platform>
                </DeployClass>
                <DeployClass Name="iPhone_Notification60">
                    <Platform Name="iOSDevice64">
                        <RemoteDir>..\$(PROJECTNAME).launchscreen\Assets\AppIcon.appiconset</RemoteDir>
                        <Operation>1</Operation>
                    </Platform>
                    <Platform Name="iOSSimARM64">
                        <RemoteDir>..\$(PROJECTNAME).launchscreen\Assets\AppIcon.appiconset</RemoteDir>
                        <Operation>1</Operation>
                    </Platform>
                </DeployClass>
                <DeployClass Name="iPhone_Setting58">
                    <Platform Name="iOSDevice64">
                        <RemoteDir>..\$(PROJECTNAME).launchscreen\Assets\AppIcon.appiconset</RemoteDir>
                        <Operation>1</Operation>
                    </Platform>
                    <Platform Name="iOSSimARM64">
                        <RemoteDir>..\$(PROJECTNAME).launchscreen\Assets\AppIcon.appiconset</RemoteDir>
                        <Operation>1</Operation>
                    </Platform>
                </DeployClass>
                <DeployClass Name="iPhone_Setting87">
                    <Platform Name="iOSDevice64">
                        <RemoteDir>..\$(PROJECTNAME).launchscreen\Assets\AppIcon.appiconset</RemoteDir>
                        <Operation>1</Operation>
                    </Platform>
                    <Platform Name="iOSSimARM64">
                        <RemoteDir>..\$(PROJECTNAME).launchscreen\Assets\AppIcon.appiconset</RemoteDir>
                        <Operation>1</Operation>
                    </Platform>
                </DeployClass>
                <DeployClass Name="iPhone_Spotlight120">
                    <Platform Name="iOSDevice64">
                        <RemoteDir>..\$(PROJECTNAME).launchscreen\Assets\AppIcon.appiconset</RemoteDir>
                        <Operation>1</Operation>
                    </Platform>
                    <Platform Name="iOSSimARM64">
                        <RemoteDir>..\$(PROJECTNAME).launchscreen\Assets\AppIcon.appiconset</RemoteDir>
                        <Operation>1</Operation>
                    </Platform>
                </DeployClass>
                <DeployClass Name="iPhone_Spotlight80">
                    <Platform Name="iOSDevice64">
                        <RemoteDir>..\$(PROJECTNAME).launchscreen\Assets\AppIcon.appiconset</RemoteDir>
                        <Operation>1</Operation>
                    </Platform>
                    <Platform Name="iOSSimARM64">
                        <RemoteDir>..\$(PROJECTNAME).launchscreen\Assets\AppIcon.appiconset</RemoteDir>
                        <Operation>1</Operation>
                    </Platform>
                </DeployClass>
                <DeployClass Name="ProjectAndroidManifest">
                    <Platform Name="Android">
                        <Operation>1</Operation>
                    </Platform>
                    <Platform Name="Android64">
                        <Operation>1</Operation>
                    </Platform>
                </DeployClass>
                <DeployClass Name="ProjectiOSDeviceDebug">
                    <Platform Name="iOSDevice32">
                        <RemoteDir>..\$(PROJECTNAME).app.dSYM\Contents\Resources\DWARF</RemoteDir>
                        <Operation>1</Operation>
                    </Platform>
                    <Platform Name="iOSDevice64">
                        <RemoteDir>..\$(PROJECTNAME).app.dSYM\Contents\Resources\DWARF</RemoteDir>
                        <Operation>1</Operation>
                    </Platform>
                </DeployClass>
                <DeployClass Name="ProjectiOSDeviceResourceRules">
                    <Platform Name="iOSDevice32">
                        <Operation>1</Operation>
                    </Platform>
                    <Platform Name="iOSDevice64">
                        <Operation>1</Operation>
                    </Platform>
                </DeployClass>
                <DeployClass Name="ProjectiOSEntitlements">
                    <Platform Name="iOSDevice32">
                        <RemoteDir>..\</RemoteDir>
                        <Operation>1</Operation>
                    </Platform>
                    <Platform Name="iOSDevice64">
                        <RemoteDir>..\</RemoteDir>
                        <Operation>1</Operation>
                    </Platform>
                </DeployClass>
                <DeployClass Name="ProjectiOSInfoPList">
                    <Platform Name="iOSDevice32">
                        <Operation>1</Operation>
                    </Platform>
                    <Platform Name="iOSDevice64">
                        <Operation>1</Operation>
                    </Platform>
                    <Platform Name="iOSSimulator">
                        <Operation>1</Operation>
                    </Platform>
                </DeployClass>
                <DeployClass Name="ProjectiOSLaunchScreen">
                    <Platform Name="iOSDevice64">
                        <RemoteDir>..\$(PROJECTNAME).launchscreen</RemoteDir>
                        <Operation>64</Operation>
                    </Platform>
                    <Platform Name="iOSSimARM64">
                        <RemoteDir>..\$(PROJECTNAME).launchscreen</RemoteDir>
                        <Operation>64</Operation>
                    </Platform>
                </DeployClass>
                <DeployClass Name="ProjectiOSResource">
                    <Platform Name="iOSDevice32">
                        <Operation>1</Operation>
                    </Platform>
                    <Platform Name="iOSDevice64">
                        <Operation>1</Operation>
                    </Platform>
                    <Platform Name="iOSSimulator">
                        <Operation>1</Operation>
                    </Platform>
                </DeployClass>
                <DeployClass Name="ProjectOSXDebug">
                    <Platform Name="OSX64">
                        <RemoteDir>..\$(PROJECTNAME).app.dSYM\Contents\Resources\DWARF</RemoteDir>
                        <Operation>1</Operation>
                    </Platform>
                </DeployClass>
                <DeployClass Name="ProjectOSXEntitlements">
                    <Platform Name="OSX32">
                        <RemoteDir>..\</RemoteDir>
                        <Operation>1</Operation>
                    </Platform>
                    <Platform Name="OSX64">
                        <RemoteDir>..\</RemoteDir>
                        <Operation>1</Operation>
                    </Platform>
                </DeployClass>
                <DeployClass Name="ProjectOSXInfoPList">
                    <Platform Name="OSX32">
                        <RemoteDir>Contents</RemoteDir>
                        <Operation>1</Operation>
                    </Platform>
                    <Platform Name="OSX64">
                        <RemoteDir>Contents</RemoteDir>
                        <Operation>1</Operation>
                    </Platform>
                </DeployClass>
                <DeployClass Name="ProjectOSXResource">
                    <Platform Name="OSX32">
                        <RemoteDir>Contents\Resources</RemoteDir>
                        <Operation>1</Operation>
                    </Platform>
                    <Platform Name="OSX64">
                        <RemoteDir>Contents\Resources</RemoteDir>
                        <Operation>1</Operation>
                    </Platform>
                </DeployClass>
                <DeployClass Required="true" Name="ProjectOutput">
                    <Platform Name="Android">
                        <RemoteDir>library\lib\armeabi-v7a</RemoteDir>
                        <Operation>1</Operation>
                    </Platform>
                    <Platform Name="Android64">
                        <RemoteDir>library\lib\arm64-v8a</RemoteDir>
                        <Operation>1</Operation>
                    </Platform>
                    <Platform Name="iOSDevice32">
                        <Operation>1</Operation>
                    </Platform>
                    <Platform Name="iOSDevice64">
                        <Operation>1</Operation>
                    </Platform>
                    <Platform Name="iOSSimulator">
                        <Operation>1</Operation>
                    </Platform>
                    <Platform Name="Linux64">
                        <Operation>1</Operation>
                    </Platform>
                    <Platform Name="OSX32">
                        <RemoteDir>Contents\MacOS</RemoteDir>
                        <Operation>1</Operation>
                    </Platform>
                    <Platform Name="OSX64">
                        <RemoteDir>Contents\MacOS</RemoteDir>
                        <Operation>1</Operation>
                    </Platform>
                    <Platform Name="Win32">
                        <Operation>0</Operation>
                    </Platform>
                </DeployClass>
                <DeployClass Name="ProjectOutput_Android32">
                    <Platform Name="Android64">
                        <RemoteDir>library\lib\armeabi-v7a</RemoteDir>
                        <Operation>1</Operation>
                    </Platform>
                </DeployClass>
                <DeployClass Name="ProjectUWPManifest">
                    <Platform Name="Win32">
                        <Operation>1</Operation>
                    </Platform>
                    <Platform Name="Win64">
                        <Operation>1</Operation>
                    </Platform>
                </DeployClass>
                <DeployClass Name="UWP_DelphiLogo150">
                    <Platform Name="Win32">
                        <RemoteDir>Assets</RemoteDir>
                        <Operation>1</Operation>
                    </Platform>
                    <Platform Name="Win64">
                        <RemoteDir>Assets</RemoteDir>
                        <Operation>1</Operation>
                    </Platform>
                </DeployClass>
                <DeployClass Name="UWP_DelphiLogo44">
                    <Platform Name="Win32">
                        <RemoteDir>Assets</RemoteDir>
                        <Operation>1</Operation>
                    </Platform>
                    <Platform Name="Win64">
                        <RemoteDir>Assets</RemoteDir>
                        <Operation>1</Operation>
                    </Platform>
                </DeployClass>
                <ProjectRoot Platform="iOSDevice64" Name="$(PROJECTNAME).app"/>
                <ProjectRoot Platform="iOSSimARM64" Name="$(PROJECTNAME).app"/>
                <ProjectRoot Platform="iOSDevice32" Name="$(PROJECTNAME).app"/>
                <ProjectRoot Platform="Win64" Name="$(PROJECTNAME)"/>
                <ProjectRoot Platform="OSXARM64" Name="$(PROJECTNAME).app"/>
                <ProjectRoot Platform="Linux64" Name="$(PROJECTNAME)"/>
                <ProjectRoot Platform="Win32" Name="$(PROJECTNAME)"/>
                <ProjectRoot Platform="OSX32" Name="$(PROJECTNAME).app"/>
                <ProjectRoot Platform="Android" Name="$(PROJECTNAME)"/>
                <ProjectRoot Platform="OSX64" Name="$(PROJECTNAME).app"/>
                <ProjectRoot Platform="iOSSimulator" Name="$(PROJECTNAME).app"/>
                <ProjectRoot Platform="Android64" Name="$(PROJECTNAME)"/>
            </Deployment>
            <Platforms>
                <Platform value="Win32">True</Platform>
                <Platform value="Win64">True</Platform>
            </Platforms>
        </BorlandProject>
        <ProjectFileVersion>12</ProjectFileVersion>
    </ProjectExtensions>
    <Import Project="$(BDS)\Bin\CodeGear.Delphi.Targets" Condition="Exists('$(BDS)\Bin\CodeGear.Delphi.Targets')"/>
    <Import Project="$(APPDATA)\Embarcadero\$(BDSAPPDATABASEDIR)\$(PRODUCTVERSION)\UserTools.proj" Condition="Exists('$(APPDATA)\Embarcadero\$(BDSAPPDATABASEDIR)\$(PRODUCTVERSION)\UserTools.proj')"/>
    <Import Project="$(MSBuildProjectName).deployproj" Condition="Exists('$(MSBuildProjectName).deployproj')"/>
</Project>
